
Microsoft Visual Studio Solution File, Format Version 12.00
Project("{FAE04EC0-301F-11D3-BF4B-00C04F79EFBC}") = "JellyTune.Gnome", "JellyTune.Gnome\JellyTune.Gnome.csproj", "{0C5748D6-276F-4B30-AD20-71D2B1257C67}"
EndProject
Project("{FAE04EC0-301F-11D3-BF4B-00C04F79EFBC}") = "JellyTune.Shared", "JellyTune.Shared\JellyTune.Shared.csproj", "{2CDDA6FD-5821-4D4D-88BE-8A8919C37324}"
EndProject
Project("{FAE04EC0-301F-11D3-BF4B-00C04F79EFBC}") = "JellyTune.Test", "JellyTune.Test\JellyTune.Test.csproj", "{47F0F184-B892-48B0-AE13-3888BE491D8F}"
EndProject
Global
	GlobalSection(SolutionConfigurationPlatforms) = preSolution
		Debug|Any CPU = Debug|Any CPU
		Release|Any CPU = Release|Any CPU
	EndGlobalSection
	GlobalSection(ProjectConfigurationPlatforms) = postSolution
		{0C5748D6-276F-4B30-AD20-71D2B1257C67}.Debug|Any CPU.ActiveCfg = Debug|Any CPU
		{0C5748D6-276F-4B30-AD20-71D2B1257C67}.Debug|Any CPU.Build.0 = Debug|Any CPU
		{0C5748D6-276F-4B30-AD20-71D2B1257C67}.Release|Any CPU.ActiveCfg = Release|Any CPU
		{0C5748D6-276F-4B30-AD20-71D2B1257C67}.Release|Any CPU.Build.0 = Release|Any CPU
		{2CDDA6FD-5821-4D4D-88BE-8A8919C37324}.Debug|Any CPU.ActiveCfg = Debug|Any CPU
		{2CDDA6FD-5821-4D4D-88BE-8A8919C37324}.Debug|Any CPU.Build.0 = Debug|Any CPU
		{2CDDA6FD-5821-4D4D-88BE-8A8919C37324}.Release|Any CPU.ActiveCfg = Release|Any CPU
		{2CDDA6FD-5821-4D4D-88BE-8A8919C37324}.Release|Any CPU.Build.0 = Release|Any CPU
		{47F0F184-B892-48B0-AE13-3888BE491D8F}.Debug|Any CPU.ActiveCfg = Debug|Any CPU
		{47F0F184-B892-48B0-AE13-3888BE491D8F}.Debug|Any CPU.Build.0 = Debug|Any CPU
		{47F0F184-B892-48B0-AE13-3888BE491D8F}.Release|Any CPU.ActiveCfg = Release|Any CPU
		{47F0F184-B892-48B0-AE13-3888BE491D8F}.Release|Any CPU.Build.0 = Release|Any CPU
	EndGlobalSection
EndGlobal
